{
  "projects": [
    {
      "projectId": "58GpZjZCWTaJ8AUhpCwt2K",
      "version": "3.23.0",
      "dependencies": {},
      "lang": "ts",
      "fileLocks": [
        {
          "assetId": "58GpZjZCWTaJ8AUhpCwt2K",
          "type": "projectCss",
          "checksum": "fd84921cc10936e6ceb458c2ae01c4bd"
        }
      ],
      "codegenVersion": "0.0.1"
    },
    {
      "projectId": "7nJ7UcFmq9UzB6eXfC5z4a",
      "version": "0.26.0",
      "dependencies": {},
      "lang": "ts",
      "fileLocks": [
        {
          "assetId": "7nJ7UcFmq9UzB6eXfC5z4a",
          "type": "projectCss",
          "checksum": "05587b57f22f0ec8bb54543deb39762e"
        }
      ],
      "codegenVersion": "0.0.1"
    },
    {
      "projectId": "B7vckeDNfuhFJFpncT3Qs",
      "version": "latest",
      "dependencies": {
        "7nJ7UcFmq9UzB6eXfC5z4a": "0.26.0",
        "58GpZjZCWTaJ8AUhpCwt2K": "3.23.0"
      },
      "lang": "ts",
      "fileLocks": [
        {
          "type": "globalVariant",
          "assetId": "wIshgf9GB3qQ",
          "checksum": "bae0824c196c878bcdf8075c7089ebbe"
        },
        {
          "type": "renderModule",
          "assetId": "czriQW7216zZ",
          "checksum": "ed744bbdf0fba55908b50462199c646c"
        },
        {
          "type": "cssRules",
          "assetId": "czriQW7216zZ",
          "checksum": "ed744bbdf0fba55908b50462199c646c"
        },
        {
          "type": "renderModule",
          "assetId": "rQM4WIfmTVTH",
          "checksum": "d461c42dab999bcbd639e524e6a8399d"
        },
        {
          "type": "cssRules",
          "assetId": "rQM4WIfmTVTH",
          "checksum": "d461c42dab999bcbd639e524e6a8399d"
        },
        {
          "type": "renderModule",
          "assetId": "7KA4r2inJnYl",
          "checksum": "98abe8cce8bcf700285c7d6d44a7faf8"
        },
        {
          "type": "cssRules",
          "assetId": "7KA4r2inJnYl",
          "checksum": "98abe8cce8bcf700285c7d6d44a7faf8"
        },
        {
          "type": "renderModule",
          "assetId": "Qa3zuWmMQ4_Y",
          "checksum": "0247b230aafa5fde428e0fd8fa6a65fd"
        },
        {
          "type": "cssRules",
          "assetId": "Qa3zuWmMQ4_Y",
          "checksum": "0247b230aafa5fde428e0fd8fa6a65fd"
        },
        {
          "type": "renderModule",
          "assetId": "XiJ-LYZHpBg1",
          "checksum": "80bcdfb08c5f116c441fc1a1da338e82"
        },
        {
          "type": "cssRules",
          "assetId": "XiJ-LYZHpBg1",
          "checksum": "80bcdfb08c5f116c441fc1a1da338e82"
        },
        {
          "type": "renderModule",
          "assetId": "ZnYwa_4S7soe",
          "checksum": "3da08eddff3667b051865c2f3f85bd71"
        },
        {
          "type": "cssRules",
          "assetId": "ZnYwa_4S7soe",
          "checksum": "3da08eddff3667b051865c2f3f85bd71"
        },
        {
          "type": "renderModule",
          "assetId": "gqxBWYm9CUp8",
          "checksum": "480de184d1203c7e9fadc36cb0166b88"
        },
        {
          "type": "cssRules",
          "assetId": "gqxBWYm9CUp8",
          "checksum": "480de184d1203c7e9fadc36cb0166b88"
        },
        {
          "type": "renderModule",
          "assetId": "V7uX1v_FcvL7",
          "checksum": "1d9a7227fe0773f2003e0dec2b084517"
        },
        {
          "type": "cssRules",
          "assetId": "V7uX1v_FcvL7",
          "checksum": "1d9a7227fe0773f2003e0dec2b084517"
        },
        {
          "type": "renderModule",
          "assetId": "X27OXM9Zkumt",
          "checksum": "02c0c8c70bc57e1ed8bdfc25558c58c7"
        },
        {
          "type": "cssRules",
          "assetId": "X27OXM9Zkumt",
          "checksum": "02c0c8c70bc57e1ed8bdfc25558c58c7"
        },
        {
          "type": "renderModule",
          "assetId": "JHlPI7pBSY8I",
          "checksum": "3d60e3414b0b74bada2e384f21361c99"
        },
        {
          "type": "cssRules",
          "assetId": "JHlPI7pBSY8I",
          "checksum": "3d60e3414b0b74bada2e384f21361c99"
        },
        {
          "type": "icon",
          "assetId": "gVo68DBltW98",
          "checksum": "1b600626c35d116f72a985bd440b69ab"
        },
        {
          "type": "icon",
          "assetId": "4t67e1HOMkLl",
          "checksum": "c84d7a93e398b3bede188a17c8ab0a9f"
        },
        {
          "type": "icon",
          "assetId": "wX2Cp2wns_NL",
          "checksum": "fc1399f0d93831b0f5dea2ca4eb4fdf5"
        },
        {
          "type": "icon",
          "assetId": "PbdSJ_aXt7R_",
          "checksum": "860e8cfa2dad10af1315f2b7527987e6"
        },
        {
          "type": "icon",
          "assetId": "SS42eULBVpsa",
          "checksum": "82e502355ba79035661aa9e88864513c"
        },
        {
          "type": "icon",
          "assetId": "ncDjDwc_I4K-",
          "checksum": "c04bc3b41adcaf4867935abe324a3b90"
        },
        {
          "type": "icon",
          "assetId": "JfX_seYAmwGB",
          "checksum": "217f02a31c948c6650da7bce566400ff"
        },
        {
          "type": "icon",
          "assetId": "PPXhPq_caU_M",
          "checksum": "b29d5f688a4c7c42ae024e8c1ab9abe2"
        },
        {
          "type": "icon",
          "assetId": "g86xqcwpEgkC",
          "checksum": "652f10ae3f4049114657583c32cddcca"
        },
        {
          "type": "icon",
          "assetId": "N4vNNlPv7_nd",
          "checksum": "9fcedc19afa6576731894badfe284f64"
        },
        {
          "type": "image",
          "assetId": "Q0WefOjhdMfd",
          "checksum": "1a2375b07accc8ed2d9997fc804f5ccf"
        },
        {
          "type": "image",
          "assetId": "2FuNKuO4OTkC",
          "checksum": "869ecacf2b64e8fe592f1c48f303ce04"
        },
        {
          "type": "image",
          "assetId": "V9McXg4VA-7u",
          "checksum": "49500e6fe7eeeb22a0d5eb897274c563"
        },
        {
          "type": "image",
          "assetId": "mbvStcXN4pYA",
          "checksum": "9107429096a807ac18d56d5311d49505"
        },
        {
          "type": "image",
          "assetId": "ET6jPMJvbN0H",
          "checksum": "b723542448f04de2b5a0bdbe6478a77d"
        },
        {
          "type": "image",
          "assetId": "RDMJNyAcz_Aq",
          "checksum": "686f30100c2977678e54bcafc488a7f0"
        },
        {
          "type": "image",
          "assetId": "LXg8yrwVFMPS",
          "checksum": "98214a3c3a81bd3b9af9a0a6ee77b059"
        },
        {
          "type": "image",
          "assetId": "eL8JP5XNUSIg",
          "checksum": "77dbd3c338912f488fbfccf0a6d8ca6b"
        },
        {
          "type": "image",
          "assetId": "AmKpmPLbkXgZ",
          "checksum": "536ac6bd0cecf4371ed49b85ba6f7eb3"
        },
        {
          "type": "image",
          "assetId": "v3yh2vLU5WHR",
          "checksum": "df8caa52b263469f3d3c6941d27064d6"
        },
        {
          "type": "image",
          "assetId": "3TW1FLjANvbl",
          "checksum": "93e8087717d6806ba89dc227f6eecfd3"
        },
        {
          "type": "image",
          "assetId": "HbN3y26SQzZF",
          "checksum": "265246645af8bb2c71618fcd84f7d827"
        },
        {
          "type": "image",
          "assetId": "jooUqZLPJFCK",
          "checksum": "f7e04ec57276fb7eb50afda49470e0d0"
        },
        {
          "type": "image",
          "assetId": "UHEGOzpUfSKO",
          "checksum": "874522afe4ddefa9e93577ab8a5c9fd2"
        },
        {
          "type": "image",
          "assetId": "GvxlhB456wS2",
          "checksum": "3bd044d3f9fa615061fa2b89e2b55c6f"
        },
        {
          "type": "image",
          "assetId": "3p2cvGZRX44p",
          "checksum": "6e6f941017bdeaf54dbc7f7f80574667"
        },
        {
          "type": "image",
          "assetId": "78kmyUyKaGGI",
          "checksum": "e24254ec376add829d9b26051c3d41a6"
        },
        {
          "type": "image",
          "assetId": "YU1eUeACt0Ef",
          "checksum": "1e81d71e9edeb982f8626e31bfb4d7dc"
        },
        {
          "type": "image",
          "assetId": "XMqiPmPbixDz",
          "checksum": "671c01e2f14b904306a34f6f0b64579e"
        },
        {
          "type": "image",
          "assetId": "SIyuMoHojQCM",
          "checksum": "c0c5595c2f4edfcee94db66a1db28504"
        },
        {
          "type": "image",
          "assetId": "AaEBZiXxUuBd",
          "checksum": "62780537607e5d150e97fba26336a51c"
        },
        {
          "type": "image",
          "assetId": "Lek2JdMiGucK",
          "checksum": "43a70139f16f64a1c599875d61bc7a3a"
        },
        {
          "type": "image",
          "assetId": "wgHZ3F4PxogJ",
          "checksum": "a844a440618bf734a5aa8daf1d4f3252"
        },
        {
          "type": "image",
          "assetId": "8qu76j1KJcCV",
          "checksum": "14bac801b2edecd46e83d074a369c166"
        },
        {
          "type": "image",
          "assetId": "MHuxnUPMdhK4",
          "checksum": "ea4b0b0a1f5d6c380903fc366e1ea164"
        },
        {
          "type": "image",
          "assetId": "zvLr2N9T5DEt",
          "checksum": "4ae8791d12b15d5d8718d94de233e302"
        },
        {
          "type": "image",
          "assetId": "rXBsYOkAh8Xb",
          "checksum": "4b1ee6c629248b7cf874632c962cdd1f"
        },
        {
          "type": "image",
          "assetId": "NIPh8PABQoUJ",
          "checksum": "ab5f3dde40baac0a0ef0badd3c74ece3"
        },
        {
          "type": "image",
          "assetId": "K2_eyKHZHSib",
          "checksum": "42676f3aaeb345b8c6b32bfd4eb417c3"
        },
        {
          "type": "image",
          "assetId": "y8MNTOi_ci_E",
          "checksum": "36d7fe194351ede38682086af1c6d106"
        },
        {
          "type": "image",
          "assetId": "t2GHd7Th5FaF",
          "checksum": "7c6c944c1292389a9ed17a43dd181896"
        },
        {
          "type": "image",
          "assetId": "HRc2wp9f9Cyy",
          "checksum": "c6c4f288fd958b5e544f2e896a359a89"
        },
        {
          "type": "image",
          "assetId": "niO9sLpoWSfi",
          "checksum": "cc4de9de2cc143e93c046ad81c96ddeb"
        },
        {
          "type": "image",
          "assetId": "BqIpfaHNWF4a",
          "checksum": "60a2ec995e842330aa3acf86653b3f1a"
        },
        {
          "type": "image",
          "assetId": "23t94VuVpZJi",
          "checksum": "1e2b2c41d128b50899a3217a549f9483"
        },
        {
          "type": "image",
          "assetId": "0H-Eh7TCrDWG",
          "checksum": "c5aae6bd13dae8d460402432a934db2b"
        },
        {
          "type": "image",
          "assetId": "4qhrHT8PkAqO",
          "checksum": "107bcb29569369ec6a29f2180265822a"
        },
        {
          "type": "image",
          "assetId": "0Bei94Q2Sg9w",
          "checksum": "ac5aae2ef7be5c82124ccf508338c95d"
        },
        {
          "type": "image",
          "assetId": "pREEw02v0-qn",
          "checksum": "9a67aa3d7d5aba78733ca574d5f163bb"
        },
        {
          "type": "image",
          "assetId": "5fUvg6WpzTe2",
          "checksum": "f97ec3b10349a5f1b3a63869bd259ba3"
        },
        {
          "type": "image",
          "assetId": "ASoa85db6PbR",
          "checksum": "26acf5aa04207a4616e7bb9b7c8af5d7"
        },
        {
          "type": "image",
          "assetId": "MW58kAYiIt66",
          "checksum": "18ab3bb3473edb6426fb9488d8a8526c"
        },
        {
          "type": "image",
          "assetId": "NEEBgUulMsGE",
          "checksum": "869ad36b2dbb0ca01bde09110ccb4a1c"
        },
        {
          "type": "image",
          "assetId": "gD_PRsILq2Q4",
          "checksum": "ce9e35727fadc54158026aa7d7a7be1f"
        },
        {
          "assetId": "B7vckeDNfuhFJFpncT3Qs",
          "type": "projectCss",
          "checksum": "c418307de62b93c5a058d56b775f0f60"
        }
      ],
      "codegenVersion": "0.0.1"
    }
  ],
  "cliVersion": "0.1.327"
}
